
Microsoft Visual Studio Solution File, Format Version 12.00
# Visual Studio Version 17
VisualStudioVersion = 17.10.34928.147
MinimumVisualStudioVersion = 10.0.40219.1
Project("{FAE04EC0-301F-11D3-BF4B-00C04F79EFBC}") = "Acceloka", "Acceloka.csproj", "{CCD48E45-2D6E-4892-97CB-B8B636CC9634}"
EndProject
Project("{FAE04EC0-301F-11D3-BF4B-00C04F79EFBC}") = "Acceloka.Entities", "..\Acceloka.Entities\Acceloka.Entities.csproj", "{04FD0E23-6F73-417B-9CA1-AAEDB065CF26}"
EndProject
Global
	GlobalSection(SolutionConfigurationPlatforms) = preSolution
		Debug|Any CPU = Debug|Any CPU
		Release|Any CPU = Release|Any CPU
	EndGlobalSection
	GlobalSection(ProjectConfigurationPlatforms) = postSolution
		{CCD48E45-2D6E-4892-97CB-B8B636CC9634}.Debug|Any CPU.ActiveCfg = Debug|Any CPU
		{CCD48E45-2D6E-4892-97CB-B8B636CC9634}.Debug|Any CPU.Build.0 = Debug|Any CPU
		{CCD48E45-2D6E-4892-97CB-B8B636CC9634}.Release|Any CPU.ActiveCfg = Release|Any CPU
		{CCD48E45-2D6E-4892-97CB-B8B636CC9634}.Release|Any CPU.Build.0 = Release|Any CPU
		{04FD0E23-6F73-417B-9CA1-AAEDB065CF26}.Debug|Any CPU.ActiveCfg = Debug|Any CPU
		{04FD0E23-6F73-417B-9CA1-AAEDB065CF26}.Debug|Any CPU.Build.0 = Debug|Any CPU
		{04FD0E23-6F73-417B-9CA1-AAEDB065CF26}.Release|Any CPU.ActiveCfg = Release|Any CPU
		{04FD0E23-6F73-417B-9CA1-AAEDB065CF26}.Release|Any CPU.Build.0 = Release|Any CPU
	EndGlobalSection
	GlobalSection(SolutionProperties) = preSolution
		HideSolutionNode = FALSE
	EndGlobalSection
	GlobalSection(ExtensibilityGlobals) = postSolution
		SolutionGuid = {472B69F9-F91F-47FD-B6CC-2514A96C12D4}
	EndGlobalSection
EndGlobal
